
Microsoft Visual Studio Solution File, Format Version 12.00
# Visual Studio Version 16
VisualStudioVersion = 16.0.29911.84
MinimumVisualStudioVersion = 10.0.40219.1
Project("{8BC9CEB8-8B4A-11D0-8D11-00A0C91BC942}") = "Bank", "Bank\Bank.vcxproj", "{BA013324-44A9-4BC7-802E-1985F95906CA}"
EndProject
Global
	GlobalSection(SolutionConfigurationPlatforms) = preSolution
		Debug|x64 = Debug|x64
		Release|x64 = Release|x64
	EndGlobalSection
	GlobalSection(ProjectConfigurationPlatforms) = postSolution
		{BA013324-44A9-4BC7-802E-1985F95906CA}.Debug|x64.ActiveCfg = Debug|x64
		{BA013324-44A9-4BC7-802E-1985F95906CA}.Debug|x64.Build.0 = Debug|x64
		{BA013324-44A9-4BC7-802E-1985F95906CA}.Release|x64.ActiveCfg = Release|x64
		{BA013324-44A9-4BC7-802E-1985F95906CA}.Release|x64.Build.0 = Release|x64
	EndGlobalSection
	GlobalSection(SolutionProperties) = preSolution
		HideSolutionNode = FALSE
	EndGlobalSection
	GlobalSection(ExtensibilityGlobals) = postSolution
		SolutionGuid = {5F98579C-3814-4380-8EFE-B5A379F79E4B}
	EndGlobalSection
EndGlobal
